
Microsoft Visual Studio Solution File, Format Version 12.00
# Visual Studio Version 17
VisualStudioVersion = 17.4.33110.190
MinimumVisualStudioVersion = 10.0.40219.1
Project("{FAE04EC0-301F-11D3-BF4B-00C04F79EFBC}") = "HomeWork33Collection1", "HomeWork33Collection1\HomeWork33Collection1.csproj", "{BEAB7340-61C9-4F55-B309-FA3C6CCB2CEC}"
EndProject
Global
	GlobalSection(SolutionConfigurationPlatforms) = preSolution
		Debug|Any CPU = Debug|Any CPU
		Release|Any CPU = Release|Any CPU
	EndGlobalSection
	GlobalSection(ProjectConfigurationPlatforms) = postSolution
		{BEAB7340-61C9-4F55-B309-FA3C6CCB2CEC}.Debug|Any CPU.ActiveCfg = Debug|Any CPU
		{BEAB7340-61C9-4F55-B309-FA3C6CCB2CEC}.Debug|Any CPU.Build.0 = Debug|Any CPU
		{BEAB7340-61C9-4F55-B309-FA3C6CCB2CEC}.Release|Any CPU.ActiveCfg = Release|Any CPU
		{BEAB7340-61C9-4F55-B309-FA3C6CCB2CEC}.Release|Any CPU.Build.0 = Release|Any CPU
	EndGlobalSection
	GlobalSection(SolutionProperties) = preSolution
		HideSolutionNode = FALSE
	EndGlobalSection
	GlobalSection(ExtensibilityGlobals) = postSolution
		SolutionGuid = {B13F0EE8-41CF-404A-A3CB-C0F274DC1AEA}
	EndGlobalSection
EndGlobal
